
Microsoft Visual Studio Solution File, Format Version 12.00
# Visual Studio Version 17
VisualStudioVersion = 17.7.34031.279
MinimumVisualStudioVersion = 10.0.40219.1
Project("{9A19103F-16F7-4668-BE54-9A1E7A4F7556}") = "ProjectDiaries.Server", "ProjectDiaries\Server\ProjectDiaries.Server.csproj", "{4AF2B2FE-8A84-4282-B85E-6217A1227748}"
EndProject
Project("{9A19103F-16F7-4668-BE54-9A1E7A4F7556}") = "ProjectDiaries.Client", "ProjectDiaries\Client\ProjectDiaries.Client.csproj", "{61218C05-34E2-400C-BD24-2732ECFD0A54}"
EndProject
Project("{9A19103F-16F7-4668-BE54-9A1E7A4F7556}") = "ProjectDiaries.Shared", "ProjectDiaries\Shared\ProjectDiaries.Shared.csproj", "{B66E6789-70D6-42AD-B4BD-1CBF7D6AA497}"
EndProject
Global
	GlobalSection(SolutionConfigurationPlatforms) = preSolution
		Debug|Any CPU = Debug|Any CPU
		Release|Any CPU = Release|Any CPU
	EndGlobalSection
	GlobalSection(ProjectConfigurationPlatforms) = postSolution
		{4AF2B2FE-8A84-4282-B85E-6217A1227748}.Debug|Any CPU.ActiveCfg = Debug|Any CPU
		{4AF2B2FE-8A84-4282-B85E-6217A1227748}.Debug|Any CPU.Build.0 = Debug|Any CPU
		{4AF2B2FE-8A84-4282-B85E-6217A1227748}.Release|Any CPU.ActiveCfg = Release|Any CPU
		{4AF2B2FE-8A84-4282-B85E-6217A1227748}.Release|Any CPU.Build.0 = Release|Any CPU
		{61218C05-34E2-400C-BD24-2732ECFD0A54}.Debug|Any CPU.ActiveCfg = Debug|Any CPU
		{61218C05-34E2-400C-BD24-2732ECFD0A54}.Debug|Any CPU.Build.0 = Debug|Any CPU
		{61218C05-34E2-400C-BD24-2732ECFD0A54}.Release|Any CPU.ActiveCfg = Release|Any CPU
		{61218C05-34E2-400C-BD24-2732ECFD0A54}.Release|Any CPU.Build.0 = Release|Any CPU
		{B66E6789-70D6-42AD-B4BD-1CBF7D6AA497}.Debug|Any CPU.ActiveCfg = Debug|Any CPU
		{B66E6789-70D6-42AD-B4BD-1CBF7D6AA497}.Debug|Any CPU.Build.0 = Debug|Any CPU
		{B66E6789-70D6-42AD-B4BD-1CBF7D6AA497}.Release|Any CPU.ActiveCfg = Release|Any CPU
		{B66E6789-70D6-42AD-B4BD-1CBF7D6AA497}.Release|Any CPU.Build.0 = Release|Any CPU
	EndGlobalSection
	GlobalSection(SolutionProperties) = preSolution
		HideSolutionNode = FALSE
	EndGlobalSection
	GlobalSection(ExtensibilityGlobals) = postSolution
		SolutionGuid = {C025E4B8-41DE-4E0B-94BB-36AB46C88A5F}
	EndGlobalSection
EndGlobal
